// !$*UTF8*$!
{
	archiveVersion = 1;
	classes = {
	};
	objectVersion = 50;
	objects = {

/* Begin PBXBuildFile section */
		330DF857210A796B007B861A /* InstructionVC.swift in Sources */ = {isa = PBXBuildFile; fileRef = 330DF856210A796B007B861A /* InstructionVC.swift */; };
		33D47FAE2107BEA70063E3B7 /* ResultsPage.swift in Sources */ = {isa = PBXBuildFile; fileRef = 33D47FAD2107BEA70063E3B7 /* ResultsPage.swift */; };
		33DB2D7D21078B30001E3044 /* AppDelegate.swift in Sources */ = {isa = PBXBuildFile; fileRef = 33DB2D7C21078B30001E3044 /* AppDelegate.swift */; };
		33DB2D7F21078B30001E3044 /* QuestionController.swift in Sources */ = {isa = PBXBuildFile; fileRef = 33DB2D7E21078B30001E3044 /* QuestionController.swift */; };
		33DB2D8221078B30001E3044 /* Main.storyboard in Resources */ = {isa = PBXBuildFile; fileRef = 33DB2D8021078B30001E3044 /* Main.storyboard */; };
		33DB2D8421078B32001E3044 /* Assets.xcassets in Resources */ = {isa = PBXBuildFile; fileRef = 33DB2D8321078B32001E3044 /* Assets.xcassets */; };
		33DB2D8721078B32001E3044 /* LaunchScreen.storyboard in Resources */ = {isa = PBXBuildFile; fileRef = 33DB2D8521078B32001E3044 /* LaunchScreen.storyboard */; };
		33E9A7FE21091E1600590D53 /* EmailAPI.swift in Sources */ = {isa = PBXBuildFile; fileRef = 33E9A7FD21091E1600590D53 /* EmailAPI.swift */; };
/* End PBXBuildFile section */

/* Begin PBXFileReference section */
		330DF856210A796B007B861A /* InstructionVC.swift */ = {isa = PBXFileReference; lastKnownFileType = sourcecode.swift; path = InstructionVC.swift; sourceTree = "<group>"; };
		33D47FAD2107BEA70063E3B7 /* ResultsPage.swift */ = {isa = PBXFileReference; lastKnownFileType = sourcecode.swift; path = ResultsPage.swift; sourceTree = "<group>"; };
		33DB2D7921078B30001E3044 /* Satisfaction App.app */ = {isa = PBXFileReference; explicitFileType = wrapper.application; includeInIndex = 0; path = "Satisfaction App.app"; sourceTree = BUILT_PRODUCTS_DIR; };
		33DB2D7C21078B30001E3044 /* AppDelegate.swift */ = {isa = PBXFileReference; lastKnownFileType = sourcecode.swift; path = AppDelegate.swift; sourceTree = "<group>"; };
		33DB2D7E21078B30001E3044 /* QuestionController.swift */ = {isa = PBXFileReference; lastKnownFileType = sourcecode.swift; path = QuestionController.swift; sourceTree = "<group>"; };
		33DB2D8121078B30001E3044 /* Base */ = {isa = PBXFileReference; lastKnownFileType = file.storyboard; name = Base; path = Base.lproj/Main.storyboard; sourceTree = "<group>"; };
		33DB2D8321078B32001E3044 /* Assets.xcassets */ = {isa = PBXFileReference; lastKnownFileType = folder.assetcatalog; path = Assets.xcassets; sourceTree = "<group>"; };
		33DB2D8621078B32001E3044 /* Base */ = {isa = PBXFileReference; lastKnownFileType = file.storyboard; name = Base; path = Base.lproj/LaunchScreen.storyboard; sourceTree = "<group>"; };
		33DB2D8821078B32001E3044 /* Info.plist */ = {isa = PBXFileReference; lastKnownFileType = text.plist.xml; path = Info.plist; sourceTree = "<group>"; };
		33E9A7FD21091E1600590D53 /* EmailAPI.swift */ = {isa = PBXFileReference; lastKnownFileType = sourcecode.swift; path = EmailAPI.swift; sourceTree = SOURCE_ROOT; };
/* End PBXFileReference section */

/* Begin PBXFrameworksBuildPhase section */
		33DB2D7621078B30001E3044 /* Frameworks */ = {
			isa = PBXFrameworksBuildPhase;
			buildActionMask = 2147483647;
			files = (
			);
			runOnlyForDeploymentPostprocessing = 0;
		};
/* End PBXFrameworksBuildPhase section */

/* Begin PBXGroup section */
		33DB2D7021078B30001E3044 = {
			isa = PBXGroup;
			children = (
				33DB2D7B21078B30001E3044 /* Satisfaction App */,
				33DB2D7A21078B30001E3044 /* Products */,
			);
			sourceTree = "<group>";
		};
		33DB2D7A21078B30001E3044 /* Products */ = {
			isa = PBXGroup;
			children = (
				33DB2D7921078B30001E3044 /* Satisfaction App.app */,
			);
			name = Products;
			sourceTree = "<group>";
		};
		33DB2D7B21078B30001E3044 /* Satisfaction App */ = {
			isa = PBXGroup;
			children = (
				33DB2D7C21078B30001E3044 /* AppDelegate.swift */,
				330DF856210A796B007B861A /* InstructionVC.swift */,
				33DB2D8021078B30001E3044 /* Main.storyboard */,
				33DB2D7E21078B30001E3044 /* QuestionController.swift */,
				33D47FAD2107BEA70063E3B7 /* ResultsPage.swift */,
				33E9A7FD21091E1600590D53 /* EmailAPI.swift */,
				33DB2D8321078B32001E3044 /* Assets.xcassets */,
				33DB2D8521078B32001E3044 /* LaunchScreen.storyboard */,
				33DB2D8821078B32001E3044 /* Info.plist */,
			);
			path = "Satisfaction App";
			sourceTree = "<group>";
		};
/* End PBXGroup section */

/* Begin PBXNativeTarget section */
		33DB2D7821078B30001E3044 /* Satisfaction App */ = {
			isa = PBXNativeTarget;
			buildConfigurationList = 33DB2D8B21078B32001E3044 /* Build configuration list for PBXNativeTarget "Satisfaction App" */;
			buildPhases = (
				33DB2D7521078B30001E3044 /* Sources */,
				33DB2D7621078B30001E3044 /* Frameworks */,
				33DB2D7721078B30001E3044 /* Resources */,
			);
			buildRules = (
			);
			dependencies = (
			);
			name = "Satisfaction App";
			productName = "Satisfaction App";
			productReference = 33DB2D7921078B30001E3044 /* Satisfaction App.app */;
			productType = "com.apple.product-type.application";
		};
/* End PBXNativeTarget section */

/* Begin PBXProject section */
		33DB2D7121078B30001E3044 /* Project object */ = {
			isa = PBXProject;
			attributes = {
				LastSwiftUpdateCheck = 0940;
				LastUpgradeCheck = 0940;
				ORGANIZATIONNAME = "MAKE School App Safia";
				TargetAttributes = {
					33DB2D7821078B30001E3044 = {
						CreatedOnToolsVersion = 9.4.1;
					};
				};
			};
			buildConfigurationList = 33DB2D7421078B30001E3044 /* Build configuration list for PBXProject "Satisfaction App" */;
			compatibilityVersion = "Xcode 9.3";
			developmentRegion = en;
			hasScannedForEncodings = 0;
			knownRegions = (
				en,
				Base,
			);
			mainGroup = 33DB2D7021078B30001E3044;
			productRefGroup = 33DB2D7A21078B30001E3044 /* Products */;
			projectDirPath = "";
			projectRoot = "";
			targets = (
				33DB2D7821078B30001E3044 /* Satisfaction App */,
			);
		};
/* End PBXProject section */

/* Begin PBXResourcesBuildPhase section */
		33DB2D7721078B30001E3044 /* Resources */ = {
			isa = PBXResourcesBuildPhase;
			buildActionMask = 2147483647;
			files = (
				33DB2D8721078B32001E3044 /* LaunchScreen.storyboard in Resources */,
				33DB2D8421078B32001E3044 /* Assets.xcassets in Resources */,
				33DB2D8221078B30001E3044 /* Main.storyboard in Resources */,
			);
			runOnlyForDeploymentPostprocessing = 0;
		};
/* End PBXResourcesBuildPhase section */

/* Begin PBXSourcesBuildPhase section */
		33DB2D7521078B30001E3044 /* Sources */ = {
			isa = PBXSourcesBuildPhase;
			buildActionMask = 2147483647;
			files = (
				33DB2D7F21078B30001E3044 /* QuestionController.swift in Sources */,
				33DB2D7D21078B30001E3044 /* AppDelegate.swift in Sources */,
				330DF857210A796B007B861A /* InstructionVC.swift in Sources */,
				33D47FAE2107BEA70063E3B7 /* ResultsPage.swift in Sources */,
				33E9A7FE21091E1600590D53 /* EmailAPI.swift in Sources */,
			);
			runOnlyForDeploymentPostprocessing = 0;
		};
/* End PBXSourcesBuildPhase section */

/* Begin PBXVariantGroup section */
		33DB2D8021078B30001E3044 /* Main.storyboard */ = {
			isa = PBXVariantGroup;
			children = (
				33DB2D8121078B30001E3044 /* Base */,
			);
			name = Main.storyboard;
			sourceTree = "<group>";
		};
		33DB2D8521078B32001E3044 /* LaunchScreen.storyboard */ = {
			isa = PBXVariantGroup;
			children = (
				33DB2D8621078B32001E3044 /* Base */,
			);
			name = LaunchScreen.storyboard;
			sourceTree = "<group>";
		};
/* End PBXVariantGroup section */

/* Begin XCBuildConfiguration section */
		33DB2D8921078B32001E3044 /* Debug */ = {
			isa = XCBuildConfiguration;
			buildSettings = {
				ALWAYS_SEARCH_USER_PATHS = NO;
				CLANG_ANALYZER_NONNULL = YES;
				CLANG_ANALYZER_NUMBER_OBJECT_CONVERSION = YES_AGGRESSIVE;
				CLANG_CXX_LANGUAGE_STANDARD = "gnu++14";
				CLANG_CXX_LIBRARY = "libc++";
				CLANG_ENABLE_MODULES = YES;
				CLANG_ENABLE_OBJC_ARC = YES;
				CLANG_ENABLE_OBJC_WEAK = YES;
				CLANG_WARN_BLOCK_CAPTURE_AUTORELEASING = YES;
				CLANG_WARN_BOOL_CONVERSION = YES;
				CLANG_WARN_COMMA = YES;
				CLANG_WARN_CONSTANT_CONVERSION = YES;
				CLANG_WARN_DEPRECATED_OBJC_IMPLEMENTATIONS = YES;
				CLANG_WARN_DIRECT_OBJC_ISA_USAGE = YES_ERROR;
				CLANG_WARN_DOCUMENTATION_COMMENTS = YES;
				CLANG_WARN_EMPTY_BODY = YES;
				CLANG_WARN_ENUM_CONVERSION = YES;
				CLANG_WARN_INFINITE_RECURSION = YES;
				CLANG_WARN_INT_CONVERSION = YES;
				CLANG_WARN_NON_LITERAL_NULL_CONVERSION = YES;
				CLANG_WARN_OBJC_IMPLICIT_RETAIN_SELF = YES;
				CLANG_WARN_OBJC_LITERAL_CONVERSION = YES;
				CLANG_WARN_OBJC_ROOT_CLASS = YES_ERROR;
				CLANG_WARN_RANGE_LOOP_ANALYSIS = YES;
				CLANG_WARN_STRICT_PROTOTYPES = YES;
				CLANG_WARN_SUSPICIOUS_MOVE = YES;
				CLANG_WARN_UNGUARDED_AVAILABILITY = YES_AGGRESSIVE;
				CLANG_WARN_UNREACHABLE_CODE = YES;
				CLANG_WARN__DUPLICATE_METHOD_MATCH = YES;
				CODE_SIGN_IDENTITY = "iPhone Developer";
				COPY_PHASE_STRIP = NO;
				DEBUG_INFORMATION_FORMAT = dwarf;
				ENABLE_STRICT_OBJC_MSGSEND = YES;
				ENABLE_TESTABILITY = YES;
				GCC_C_LANGUAGE_STANDARD = gnu11;
				GCC_DYNAMIC_NO_PIC = NO;
				GCC_NO_COMMON_BLOCKS = YES;
				GCC_OPTIMIZATION_LEVEL = 0;
				GCC_PREPROCESSOR_DEFINITIONS = (
					"DEBUG=1",
					"$(inherited)",
				);
				GCC_WARN_64_TO_32_BIT_CONVERSION = YES;
				GCC_WARN_ABOUT_RETURN_TYPE = YES_ERROR;
				GCC_WARN_UNDECLARED_SELECTOR = YES;
				GCC_WARN_UNINITIALIZED_AUTOS = YES_AGGRESSIVE;
				GCC_WARN_UNUSED_FUNCTION = YES;
				GCC_WARN_UNUSED_VARIABLE = YES;
				IPHONEOS_DEPLOYMENT_TARGET = 11.4;
				MTL_ENABLE_DEBUG_INFO = YES;
				ONLY_ACTIVE_ARCH = YES;
				SDKROOT = iphoneos;
				SWIFT_ACTIVE_COMPILATION_CONDITIONS = DEBUG;
				SWIFT_OPTIMIZATION_LEVEL = "-Onone";
			};
			name = Debug;
		};
		33DB2D8A21078B32001E3044 /* Release */ = {
			isa = XCBuildConfiguration;
			buildSettings = {
				ALWAYS_SEARCH_USER_PATHS = NO;
				CLANG_ANALYZER_NONNULL = YES;
				CLANG_ANALYZER_NUMBER_OBJECT_CONVERSION = YES_AGGRESSIVE;
				CLANG_CXX_LANGUAGE_STANDARD = "gnu++14";
				CLANG_CXX_LIBRARY = "libc++";
				CLANG_ENABLE_MODULES = YES;
				CLANG_ENABLE_OBJC_ARC = YES;
				CLANG_ENABLE_OBJC_WEAK = YES;
				CLANG_WARN_BLOCK_CAPTURE_AUTORELEASING = YES;
				CLANG_WARN_BOOL_CONVERSION = YES;
				CLANG_WARN_COMMA = YES;
				CLANG_WARN_CONSTANT_CONVERSION = YES;
				CLANG_WARN_DEPRECATED_OBJC_IMPLEMENTATIONS = YES;
				CLANG_WARN_DIRECT_OBJC_ISA_USAGE = YES_ERROR;
				CLANG_WARN_DOCUMENTATION_COMMENTS = YES;
				CLANG_WARN_EMPTY_BODY = YES;
				CLANG_WARN_ENUM_CONVERSION = YES;
				CLANG_WARN_INFINITE_RECURSION = YES;
				CLANG_WARN_INT_CONVERSION = YES;
				CLANG_WARN_NON_LITERAL_NULL_CONVERSION = YES;
				CLANG_WARN_OBJC_IMPLICIT_RETAIN_SELF = YES;
				CLANG_WARN_OBJC_LITERAL_CONVERSION = YES;
				CLANG_WARN_OBJC_ROOT_CLASS = YES_ERROR;
				CLANG_WARN_RANGE_LOOP_ANALYSIS = YES;
				CLANG_WARN_STRICT_PROTOTYPES = YES;
				CLANG_WARN_SUSPICIOUS_MOVE = YES;
				CLANG_WARN_UNGUARDED_AVAILABILITY = YES_AGGRESSIVE;
				CLANG_WARN_UNREACHABLE_CODE = YES;
				CLANG_WARN__DUPLICATE_METHOD_MATCH = YES;
				CODE_SIGN_IDENTITY = "iPhone Developer";
				COPY_PHASE_STRIP = NO;
				DEBUG_INFORMATION_FORMAT = "dwarf-with-dsym";
				ENABLE_NS_ASSERTIONS = NO;
				ENABLE_STRICT_OBJC_MSGSEND = YES;
				GCC_C_LANGUAGE_STANDARD = gnu11;
				GCC_NO_COMMON_BLOCKS = YES;
				GCC_WARN_64_TO_32_BIT_CONVERSION = YES;
				GCC_WARN_ABOUT_RETURN_TYPE = YES_ERROR;
				GCC_WARN_UNDECLARED_SELECTOR = YES;
				GCC_WARN_UNINITIALIZED_AUTOS = YES_AGGRESSIVE;
				GCC_WARN_UNUSED_FUNCTION = YES;
				GCC_WARN_UNUSED_VARIABLE = YES;
				IPHONEOS_DEPLOYMENT_TARGET = 11.4;
				MTL_ENABLE_DEBUG_INFO = NO;
				SDKROOT = iphoneos;
				SWIFT_COMPILATION_MODE = wholemodule;
				SWIFT_OPTIMIZATION_LEVEL = "-O";
				VALIDATE_PRODUCT = YES;
			};
			name = Release;
		};
		33DB2D8C21078B32001E3044 /* Debug */ = {
			isa = XCBuildConfiguration;
			buildSettings = {
				ASSETCATALOG_COMPILER_APPICON_NAME = AppIcon;
				CODE_SIGN_STYLE = Automatic;
				DEVELOPMENT_TEAM = G9UN557WEP;
				INFOPLIST_FILE = "Satisfaction App/Info.plist";
				IPHONEOS_DEPLOYMENT_TARGET = 11.4;
				LD_RUNPATH_SEARCH_PATHS = (
					"$(inherited)",
					"@executable_path/Frameworks",
				);
				PRODUCT_BUNDLE_IDENTIFIER = "com.safia.Satisfaction-App";
				PRODUCT_NAME = "$(TARGET_NAME)";
				SWIFT_VERSION = 4.0;
				TARGETED_DEVICE_FAMILY = "1,2";
			};
			name = Debug;
		};
		33DB2D8D21078B32001E3044 /* Release */ = {
			isa = XCBuildConfiguration;
			buildSettings = {
				ASSETCATALOG_COMPILER_APPICON_NAME = AppIcon;
				CODE_SIGN_STYLE = Automatic;
				DEVELOPMENT_TEAM = G9UN557WEP;
				INFOPLIST_FILE = "Satisfaction App/Info.plist";
				IPHONEOS_DEPLOYMENT_TARGET = 11.4;
				LD_RUNPATH_SEARCH_PATHS = (
					"$(inherited)",
					"@executable_path/Frameworks",
				);
				PRODUCT_BUNDLE_IDENTIFIER = "com.safia.Satisfaction-App";
				PRODUCT_NAME = "$(TARGET_NAME)";
				SWIFT_VERSION = 4.0;
				TARGETED_DEVICE_FAMILY = "1,2";
			};
			name = Release;
		};
/* End XCBuildConfiguration section */

/* Begin XCConfigurationList section */
		33DB2D7421078B30001E3044 /* Build configuration list for PBXProject "Satisfaction App" */ = {
			isa = XCConfigurationList;
			buildConfigurations = (
				33DB2D8921078B32001E3044 /* Debug */,
				33DB2D8A21078B32001E3044 /* Release */,
			);
			defaultConfigurationIsVisible = 0;
			defaultConfigurationName = Release;
		};
		33DB2D8B21078B32001E3044 /* Build configuration list for PBXNativeTarget "Satisfaction App" */ = {
			isa = XCConfigurationList;
			buildConfigurations = (
				33DB2D8C21078B32001E3044 /* Debug */,
				33DB2D8D21078B32001E3044 /* Release */,
			);
			defaultConfigurationIsVisible = 0;
			defaultConfigurationName = Release;
		};
/* End XCConfigurationList section */
	};
	rootObject = 33DB2D7121078B30001E3044 /* Project object */;
}
